// !$*UTF8*$!
{
	archiveVersion = 1;
	classes = {
	};
	objectVersion = 55;
	objects = {

/* Begin PBXBuildFile section */
		87197B73271BF1BB00B4F327 /* 5.5.jpg in Resources */ = {isa = PBXBuildFile; fileRef = 87197B72271BF1BB00B4F327 /* 5.5.jpg */; };
		87197B76271BF41B00B4F327 /* 120.jpg in Resources */ = {isa = PBXBuildFile; fileRef = 87197B74271BF41B00B4F327 /* 120.jpg */; };
		87197B77271BF41B00B4F327 /* 180.jpg in Resources */ = {isa = PBXBuildFile; fileRef = 87197B75271BF41B00B4F327 /* 180.jpg */; };
		87197B79271BF54800B4F327 /* AppIcon.appiconset in Resources */ = {isa = PBXBuildFile; fileRef = 87197B78271BF54700B4F327 /* AppIcon.appiconset */; };
		8747B7B627141FE300422B78 /* AppDelegate.swift in Sources */ = {isa = PBXBuildFile; fileRef = 8747B7B527141FE300422B78 /* AppDelegate.swift */; };
		8747B7B827141FE300422B78 /* SceneDelegate.swift in Sources */ = {isa = PBXBuildFile; fileRef = 8747B7B727141FE300422B78 /* SceneDelegate.swift */; };
		8747B7BA27141FE300422B78 /* ViewController.swift in Sources */ = {isa = PBXBuildFile; fileRef = 8747B7B927141FE300422B78 /* ViewController.swift */; };
		8747B7BD27141FE300422B78 /* Main.storyboard in Resources */ = {isa = PBXBuildFile; fileRef = 8747B7BB27141FE300422B78 /* Main.storyboard */; };
		8747B7BF27141FE500422B78 /* Assets.xcassets in Resources */ = {isa = PBXBuildFile; fileRef = 8747B7BE27141FE500422B78 /* Assets.xcassets */; };
		8747B7C227141FE500422B78 /* LaunchScreen.storyboard in Resources */ = {isa = PBXBuildFile; fileRef = 8747B7C027141FE500422B78 /* LaunchScreen.storyboard */; };
/* End PBXBuildFile section */

/* Begin PBXFileReference section */
		87197B72271BF1BB00B4F327 /* 5.5.jpg */ = {isa = PBXFileReference; lastKnownFileType = image.jpeg; path = 5.5.jpg; sourceTree = "<group>"; };
		87197B74271BF41B00B4F327 /* 120.jpg */ = {isa = PBXFileReference; lastKnownFileType = image.jpeg; path = 120.jpg; sourceTree = "<group>"; };
		87197B75271BF41B00B4F327 /* 180.jpg */ = {isa = PBXFileReference; lastKnownFileType = image.jpeg; path = 180.jpg; sourceTree = "<group>"; };
		87197B78271BF54700B4F327 /* AppIcon.appiconset */ = {isa = PBXFileReference; lastKnownFileType = folder; path = AppIcon.appiconset; sourceTree = "<group>"; };
		8747B7B227141FE300422B78 /* AbbreviationApp.app */ = {isa = PBXFileReference; explicitFileType = wrapper.application; includeInIndex = 0; path = AbbreviationApp.app; sourceTree = BUILT_PRODUCTS_DIR; };
		8747B7B527141FE300422B78 /* AppDelegate.swift */ = {isa = PBXFileReference; lastKnownFileType = sourcecode.swift; path = AppDelegate.swift; sourceTree = "<group>"; };
		8747B7B727141FE300422B78 /* SceneDelegate.swift */ = {isa = PBXFileReference; lastKnownFileType = sourcecode.swift; path = SceneDelegate.swift; sourceTree = "<group>"; };
		8747B7B927141FE300422B78 /* ViewController.swift */ = {isa = PBXFileReference; lastKnownFileType = sourcecode.swift; path = ViewController.swift; sourceTree = "<group>"; };
		8747B7BC27141FE300422B78 /* Base */ = {isa = PBXFileReference; lastKnownFileType = file.storyboard; name = Base; path = Base.lproj/Main.storyboard; sourceTree = "<group>"; };
		8747B7BE27141FE500422B78 /* Assets.xcassets */ = {isa = PBXFileReference; lastKnownFileType = folder.assetcatalog; path = Assets.xcassets; sourceTree = "<group>"; };
		8747B7C127141FE500422B78 /* Base */ = {isa = PBXFileReference; lastKnownFileType = file.storyboard; name = Base; path = Base.lproj/LaunchScreen.storyboard; sourceTree = "<group>"; };
		8747B7C327141FE500422B78 /* Info.plist */ = {isa = PBXFileReference; lastKnownFileType = text.plist.xml; path = Info.plist; sourceTree = "<group>"; };
/* End PBXFileReference section */

/* Begin PBXFrameworksBuildPhase section */
		8747B7AF27141FE300422B78 /* Frameworks */ = {
			isa = PBXFrameworksBuildPhase;
			buildActionMask = 2147483647;
			files = (
			);
			runOnlyForDeploymentPostprocessing = 0;
		};
/* End PBXFrameworksBuildPhase section */

/* Begin PBXGroup section */
		8747B7A927141FE300422B78 = {
			isa = PBXGroup;
			children = (
				8747B7B427141FE300422B78 /* AbbreviationApp */,
				8747B7B327141FE300422B78 /* Products */,
			);
			sourceTree = "<group>";
		};
		8747B7B327141FE300422B78 /* Products */ = {
			isa = PBXGroup;
			children = (
				8747B7B227141FE300422B78 /* AbbreviationApp.app */,
			);
			name = Products;
			sourceTree = "<group>";
		};
		8747B7B427141FE300422B78 /* AbbreviationApp */ = {
			isa = PBXGroup;
			children = (
				87197B72271BF1BB00B4F327 /* 5.5.jpg */,
				87197B74271BF41B00B4F327 /* 120.jpg */,
				87197B75271BF41B00B4F327 /* 180.jpg */,
				87197B78271BF54700B4F327 /* AppIcon.appiconset */,
				8747B7B527141FE300422B78 /* AppDelegate.swift */,
				8747B7B727141FE300422B78 /* SceneDelegate.swift */,
				8747B7B927141FE300422B78 /* ViewController.swift */,
				8747B7BB27141FE300422B78 /* Main.storyboard */,
				8747B7BE27141FE500422B78 /* Assets.xcassets */,
				8747B7C027141FE500422B78 /* LaunchScreen.storyboard */,
				8747B7C327141FE500422B78 /* Info.plist */,
			);
			path = AbbreviationApp;
			sourceTree = "<group>";
		};
/* End PBXGroup section */

/* Begin PBXNativeTarget section */
		8747B7B127141FE300422B78 /* AbbreviationApp */ = {
			isa = PBXNativeTarget;
			buildConfigurationList = 8747B7C627141FE500422B78 /* Build configuration list for PBXNativeTarget "AbbreviationApp" */;
			buildPhases = (
				8747B7AE27141FE300422B78 /* Sources */,
				8747B7AF27141FE300422B78 /* Frameworks */,
				8747B7B027141FE300422B78 /* Resources */,
			);
			buildRules = (
			);
			dependencies = (
			);
			name = AbbreviationApp;
			productName = AbbreviationApp;
			productReference = 8747B7B227141FE300422B78 /* AbbreviationApp.app */;
			productType = "com.apple.product-type.application";
		};
/* End PBXNativeTarget section */

/* Begin PBXProject section */
		8747B7AA27141FE300422B78 /* Project object */ = {
			isa = PBXProject;
			attributes = {
				BuildIndependentTargetsInParallel = 1;
				LastSwiftUpdateCheck = 1300;
				LastUpgradeCheck = 1300;
				TargetAttributes = {
					8747B7B127141FE300422B78 = {
						CreatedOnToolsVersion = 13.0;
					};
				};
			};
			buildConfigurationList = 8747B7AD27141FE300422B78 /* Build configuration list for PBXProject "AbbreviationApp" */;
			compatibilityVersion = "Xcode 13.0";
			developmentRegion = en;
			hasScannedForEncodings = 0;
			knownRegions = (
				en,
				Base,
			);
			mainGroup = 8747B7A927141FE300422B78;
			productRefGroup = 8747B7B327141FE300422B78 /* Products */;
			projectDirPath = "";
			projectRoot = "";
			targets = (
				8747B7B127141FE300422B78 /* AbbreviationApp */,
			);
		};
/* End PBXProject section */

/* Begin PBXResourcesBuildPhase section */
		8747B7B027141FE300422B78 /* Resources */ = {
			isa = PBXResourcesBuildPhase;
			buildActionMask = 2147483647;
			files = (
				8747B7C227141FE500422B78 /* LaunchScreen.storyboard in Resources */,
				8747B7BF27141FE500422B78 /* Assets.xcassets in Resources */,
				87197B76271BF41B00B4F327 /* 120.jpg in Resources */,
				87197B77271BF41B00B4F327 /* 180.jpg in Resources */,
				87197B79271BF54800B4F327 /* AppIcon.appiconset in Resources */,
				87197B73271BF1BB00B4F327 /* 5.5.jpg in Resources */,
				8747B7BD27141FE300422B78 /* Main.storyboard in Resources */,
			);
			runOnlyForDeploymentPostprocessing = 0;
		};
/* End PBXResourcesBuildPhase section */

/* Begin PBXSourcesBuildPhase section */
		8747B7AE27141FE300422B78 /* Sources */ = {
			isa = PBXSourcesBuildPhase;
			buildActionMask = 2147483647;
			files = (
				8747B7BA27141FE300422B78 /* ViewController.swift in Sources */,
				8747B7B627141FE300422B78 /* AppDelegate.swift in Sources */,
				8747B7B827141FE300422B78 /* SceneDelegate.swift in Sources */,
			);
			runOnlyForDeploymentPostprocessing = 0;
		};
/* End PBXSourcesBuildPhase section */

/* Begin PBXVariantGroup section */
		8747B7BB27141FE300422B78 /* Main.storyboard */ = {
			isa = PBXVariantGroup;
			children = (
				8747B7BC27141FE300422B78 /* Base */,
			);
			name = Main.storyboard;
			sourceTree = "<group>";
		};
		8747B7C027141FE500422B78 /* LaunchScreen.storyboard */ = {
			isa = PBXVariantGroup;
			children = (
				8747B7C127141FE500422B78 /* Base */,
			);
			name = LaunchScreen.storyboard;
			sourceTree = "<group>";
		};
/* End PBXVariantGroup section */

/* Begin XCBuildConfiguration section */
		8747B7C427141FE500422B78 /* Debug */ = {
			isa = XCBuildConfiguration;
			buildSettings = {
				ALWAYS_SEARCH_USER_PATHS = NO;
				CLANG_ANALYZER_NONNULL = YES;
				CLANG_ANALYZER_NUMBER_OBJECT_CONVERSION = YES_AGGRESSIVE;
				CLANG_CXX_LANGUAGE_STANDARD = "gnu++17";
				CLANG_CXX_LIBRARY = "libc++";
				CLANG_ENABLE_MODULES = YES;
				CLANG_ENABLE_OBJC_ARC = YES;
				CLANG_ENABLE_OBJC_WEAK = YES;
				CLANG_WARN_BLOCK_CAPTURE_AUTORELEASING = YES;
				CLANG_WARN_BOOL_CONVERSION = YES;
				CLANG_WARN_COMMA = YES;
				CLANG_WARN_CONSTANT_CONVERSION = YES;
				CLANG_WARN_DEPRECATED_OBJC_IMPLEMENTATIONS = YES;
				CLANG_WARN_DIRECT_OBJC_ISA_USAGE = YES_ERROR;
				CLANG_WARN_DOCUMENTATION_COMMENTS = YES;
				CLANG_WARN_EMPTY_BODY = YES;
				CLANG_WARN_ENUM_CONVERSION = YES;
				CLANG_WARN_INFINITE_RECURSION = YES;
				CLANG_WARN_INT_CONVERSION = YES;
				CLANG_WARN_NON_LITERAL_NULL_CONVERSION = YES;
				CLANG_WARN_OBJC_IMPLICIT_RETAIN_SELF = YES;
				CLANG_WARN_OBJC_LITERAL_CONVERSION = YES;
				CLANG_WARN_OBJC_ROOT_CLASS = YES_ERROR;
				CLANG_WARN_QUOTED_INCLUDE_IN_FRAMEWORK_HEADER = YES;
				CLANG_WARN_RANGE_LOOP_ANALYSIS = YES;
				CLANG_WARN_STRICT_PROTOTYPES = YES;
				CLANG_WARN_SUSPICIOUS_MOVE = YES;
				CLANG_WARN_UNGUARDED_AVAILABILITY = YES_AGGRESSIVE;
				CLANG_WARN_UNREACHABLE_CODE = YES;
				CLANG_WARN__DUPLICATE_METHOD_MATCH = YES;
				COPY_PHASE_STRIP = NO;
				DEBUG_INFORMATION_FORMAT = dwarf;
				ENABLE_STRICT_OBJC_MSGSEND = YES;
				ENABLE_TESTABILITY = YES;
				GCC_C_LANGUAGE_STANDARD = gnu11;
				GCC_DYNAMIC_NO_PIC = NO;
				GCC_NO_COMMON_BLOCKS = YES;
				GCC_OPTIMIZATION_LEVEL = 0;
				GCC_PREPROCESSOR_DEFINITIONS = (
					"DEBUG=1",
					"$(inherited)",
				);
				GCC_WARN_64_TO_32_BIT_CONVERSION = YES;
				GCC_WARN_ABOUT_RETURN_TYPE = YES_ERROR;
				GCC_WARN_UNDECLARED_SELECTOR = YES;
				GCC_WARN_UNINITIALIZED_AUTOS = YES_AGGRESSIVE;
				GCC_WARN_UNUSED_FUNCTION = YES;
				GCC_WARN_UNUSED_VARIABLE = YES;
				IPHONEOS_DEPLOYMENT_TARGET = 15.0;
				MTL_ENABLE_DEBUG_INFO = INCLUDE_SOURCE;
				MTL_FAST_MATH = YES;
				ONLY_ACTIVE_ARCH = YES;
				SDKROOT = iphoneos;
				SWIFT_ACTIVE_COMPILATION_CONDITIONS = DEBUG;
				SWIFT_OPTIMIZATION_LEVEL = "-Onone";
			};
			name = Debug;
		};
		8747B7C527141FE500422B78 /* Release */ = {
			isa = XCBuildConfiguration;
			buildSettings = {
				ALWAYS_SEARCH_USER_PATHS = NO;
				CLANG_ANALYZER_NONNULL = YES;
				CLANG_ANALYZER_NUMBER_OBJECT_CONVERSION = YES_AGGRESSIVE;
				CLANG_CXX_LANGUAGE_STANDARD = "gnu++17";
				CLANG_CXX_LIBRARY = "libc++";
				CLANG_ENABLE_MODULES = YES;
				CLANG_ENABLE_OBJC_ARC = YES;
				CLANG_ENABLE_OBJC_WEAK = YES;
				CLANG_WARN_BLOCK_CAPTURE_AUTORELEASING = YES;
				CLANG_WARN_BOOL_CONVERSION = YES;
				CLANG_WARN_COMMA = YES;
				CLANG_WARN_CONSTANT_CONVERSION = YES;
				CLANG_WARN_DEPRECATED_OBJC_IMPLEMENTATIONS = YES;
				CLANG_WARN_DIRECT_OBJC_ISA_USAGE = YES_ERROR;
				CLANG_WARN_DOCUMENTATION_COMMENTS = YES;
				CLANG_WARN_EMPTY_BODY = YES;
				CLANG_WARN_ENUM_CONVERSION = YES;
				CLANG_WARN_INFINITE_RECURSION = YES;
				CLANG_WARN_INT_CONVERSION = YES;
				CLANG_WARN_NON_LITERAL_NULL_CONVERSION = YES;
				CLANG_WARN_OBJC_IMPLICIT_RETAIN_SELF = YES;
				CLANG_WARN_OBJC_LITERAL_CONVERSION = YES;
				CLANG_WARN_OBJC_ROOT_CLASS = YES_ERROR;
				CLANG_WARN_QUOTED_INCLUDE_IN_FRAMEWORK_HEADER = YES;
				CLANG_WARN_RANGE_LOOP_ANALYSIS = YES;
				CLANG_WARN_STRICT_PROTOTYPES = YES;
				CLANG_WARN_SUSPICIOUS_MOVE = YES;
				CLANG_WARN_UNGUARDED_AVAILABILITY = YES_AGGRESSIVE;
				CLANG_WARN_UNREACHABLE_CODE = YES;
				CLANG_WARN__DUPLICATE_METHOD_MATCH = YES;
				COPY_PHASE_STRIP = NO;
				DEBUG_INFORMATION_FORMAT = "dwarf-with-dsym";
				ENABLE_NS_ASSERTIONS = NO;
				ENABLE_STRICT_OBJC_MSGSEND = YES;
				GCC_C_LANGUAGE_STANDARD = gnu11;
				GCC_NO_COMMON_BLOCKS = YES;
				GCC_WARN_64_TO_32_BIT_CONVERSION = YES;
				GCC_WARN_ABOUT_RETURN_TYPE = YES_ERROR;
				GCC_WARN_UNDECLARED_SELECTOR = YES;
				GCC_WARN_UNINITIALIZED_AUTOS = YES_AGGRESSIVE;
				GCC_WARN_UNUSED_FUNCTION = YES;
				GCC_WARN_UNUSED_VARIABLE = YES;
				IPHONEOS_DEPLOYMENT_TARGET = 15.0;
				MTL_ENABLE_DEBUG_INFO = NO;
				MTL_FAST_MATH = YES;
				SDKROOT = iphoneos;
				SWIFT_COMPILATION_MODE = wholemodule;
				SWIFT_OPTIMIZATION_LEVEL = "-O";
				VALIDATE_PRODUCT = YES;
			};
			name = Release;
		};
		8747B7C727141FE500422B78 /* Debug */ = {
			isa = XCBuildConfiguration;
			buildSettings = {
				ASSETCATALOG_COMPILER_APPICON_NAME = AppIcon;
				ASSETCATALOG_COMPILER_GLOBAL_ACCENT_COLOR_NAME = AccentColor;
				CODE_SIGN_STYLE = Automatic;
				CURRENT_PROJECT_VERSION = 1;
				DEVELOPMENT_TEAM = 6U96B8GM97;
				GENERATE_INFOPLIST_FILE = YES;
				INFOPLIST_FILE = AbbreviationApp/Info.plist;
				INFOPLIST_KEY_CFBundleDisplayName = "약분 계산기";
				INFOPLIST_KEY_UIApplicationSupportsIndirectInputEvents = YES;
				INFOPLIST_KEY_UILaunchStoryboardName = LaunchScreen;
				INFOPLIST_KEY_UIMainStoryboardFile = Main;
				INFOPLIST_KEY_UISupportedInterfaceOrientations = UIInterfaceOrientationPortrait;
				INFOPLIST_KEY_UISupportedInterfaceOrientations_iPad = "UIInterfaceOrientationPortrait UIInterfaceOrientationPortraitUpsideDown UIInterfaceOrientationLandscapeLeft UIInterfaceOrientationLandscapeRight";
				INFOPLIST_KEY_UISupportedInterfaceOrientations_iPhone = "UIInterfaceOrientationPortrait UIInterfaceOrientationLandscapeLeft UIInterfaceOrientationLandscapeRight";
				IPHONEOS_DEPLOYMENT_TARGET = 13.0;
				LD_RUNPATH_SEARCH_PATHS = (
					"$(inherited)",
					"@executable_path/Frameworks",
				);
				MARKETING_VERSION = 1.0;
				PRODUCT_BUNDLE_IDENTIFIER = "Jiwon-Jeong.AbbreviationApp";
				PRODUCT_NAME = "$(TARGET_NAME)";
				SWIFT_EMIT_LOC_STRINGS = YES;
				SWIFT_VERSION = 5.0;
				TARGETED_DEVICE_FAMILY = "1,2";
			};
			name = Debug;
		};
		8747B7C827141FE500422B78 /* Release */ = {
			isa = XCBuildConfiguration;
			buildSettings = {
				ASSETCATALOG_COMPILER_APPICON_NAME = AppIcon;
				ASSETCATALOG_COMPILER_GLOBAL_ACCENT_COLOR_NAME = AccentColor;
				CODE_SIGN_STYLE = Automatic;
				CURRENT_PROJECT_VERSION = 1;
				DEVELOPMENT_TEAM = 6U96B8GM97;
				GENERATE_INFOPLIST_FILE = YES;
				INFOPLIST_FILE = AbbreviationApp/Info.plist;
				INFOPLIST_KEY_CFBundleDisplayName = "약분 계산기";
				INFOPLIST_KEY_UIApplicationSupportsIndirectInputEvents = YES;
				INFOPLIST_KEY_UILaunchStoryboardName = LaunchScreen;
				INFOPLIST_KEY_UIMainStoryboardFile = Main;
				INFOPLIST_KEY_UISupportedInterfaceOrientations = UIInterfaceOrientationPortrait;
				INFOPLIST_KEY_UISupportedInterfaceOrientations_iPad = "UIInterfaceOrientationPortrait UIInterfaceOrientationPortraitUpsideDown UIInterfaceOrientationLandscapeLeft UIInterfaceOrientationLandscapeRight";
				INFOPLIST_KEY_UISupportedInterfaceOrientations_iPhone = "UIInterfaceOrientationPortrait UIInterfaceOrientationLandscapeLeft UIInterfaceOrientationLandscapeRight";
				IPHONEOS_DEPLOYMENT_TARGET = 13.0;
				LD_RUNPATH_SEARCH_PATHS = (
					"$(inherited)",
					"@executable_path/Frameworks",
				);
				MARKETING_VERSION = 1.0;
				PRODUCT_BUNDLE_IDENTIFIER = "Jiwon-Jeong.AbbreviationApp";
				PRODUCT_NAME = "$(TARGET_NAME)";
				SWIFT_EMIT_LOC_STRINGS = YES;
				SWIFT_VERSION = 5.0;
				TARGETED_DEVICE_FAMILY = "1,2";
			};
			name = Release;
		};
/* End XCBuildConfiguration section */

/* Begin XCConfigurationList section */
		8747B7AD27141FE300422B78 /* Build configuration list for PBXProject "AbbreviationApp" */ = {
			isa = XCConfigurationList;
			buildConfigurations = (
				8747B7C427141FE500422B78 /* Debug */,
				8747B7C527141FE500422B78 /* Release */,
			);
			defaultConfigurationIsVisible = 0;
			defaultConfigurationName = Release;
		};
		8747B7C627141FE500422B78 /* Build configuration list for PBXNativeTarget "AbbreviationApp" */ = {
			isa = XCConfigurationList;
			buildConfigurations = (
				8747B7C727141FE500422B78 /* Debug */,
				8747B7C827141FE500422B78 /* Release */,
			);
			defaultConfigurationIsVisible = 0;
			defaultConfigurationName = Release;
		};
/* End XCConfigurationList section */
	};
	rootObject = 8747B7AA27141FE300422B78 /* Project object */;
}
